[{<<"chronica">>,
  {git,"https://github.com/eltex-ecss/chronica.git",
       {ref,"bdc9f37797cd74215a02aabedf03b09005e9b21f"}},
  0},
 {<<"meck">>,
  {git,"https://github.com/eproxus/meck.git",
       {ref,"b1a9cadf43adba8426e48f0727f33338750e1169"}},
  1},
 {<<"pt_lib">>,
  {git,"https://github.com/eltex-ecss/pt_lib.git",
       {ref,"9aded29230e7dc269feee30b4ce1c5518f5ffac0"}},
  2},
 {<<"pt_scripts">>,
  {git,"https://github.com/eltex-ecss/pt_scripts.git",
       {ref,"c05a0c67608f67a5e0bd23324ba0386f27186342"}},
  1}].
